<?xml version="1.0" encoding="utf-8"?>
<Project ToolsVersion="4.0" xmlns="http://schemas.microsoft.com/developer/msbuild/2003">
  <ItemGroup>
    <Filter Include="Source files">
      <UniqueIdentifier>{d766296a-08a7-440d-871a-88f47cb723be}</UniqueIdentifier>
      <Extensions>cpp;c;cc;cxx;def;odl;idl;hpj;bat;asm;asmx</Extensions>
    </Filter>
    <Filter Include="Header files">
      <UniqueIdentifier>{262016e3-c747-4943-90ef-73b7bfdb692a}</UniqueIdentifier>
      <Extensions>h;hpp;hxx;hm;inl;inc;xsd</Extensions>
    </Filter>
    <Filter Include="Resource files">
      <UniqueIdentifier>{3aae9605-16c4-4469-b23b-e51d7f19f532}</UniqueIdentifier>
      <Extensions>rc;ico;cur;bmp;dlg;rc2;rct;bin;rgs;gif;jpg;jpeg;jpe;resx;tiff;tif;png;wav</Extensions>
    </Filter>
    <Filter Include="Make files">
      <UniqueIdentifier>{8f3cbd3b-7164-4cc3-93ec-84b15a0e5c88}</UniqueIdentifier>
      <Extensions>*.mak</Extensions>
    </Filter>
    <Filter Include="VisualGDB settings">
      <UniqueIdentifier>{5997de2b-efca-4e3a-881c-5abf1f27ef88}</UniqueIdentifier>
      <Extensions>*.vgdbsettings</Extensions>
    </Filter>
    <Filter Include="Source files\Device-specific files">
      <UniqueIdentifier>{d5e030f8-c3a0-4dfe-b9a5-4a92f3854b53}</UniqueIdentifier>
    </Filter>
    <Filter Include="CMSIS_StdPeriph">
      <UniqueIdentifier>{cdc45362-8bf1-4838-884e-962730d0c245}</UniqueIdentifier>
    </Filter>
    <Filter Include="DSP_Lib">
      <UniqueIdentifier>{2c92233c-199f-4035-9719-e1099292969f}</UniqueIdentifier>
    </Filter>
    <Filter Include="LinkerScripts">
      <UniqueIdentifier>{be3dcb38-1685-4483-8881-004493811942}</UniqueIdentifier>
    </Filter>
    <Filter Include="STM32F4xx_StdPeriph_Driver">
      <UniqueIdentifier>{c0eca1cf-2b3a-4754-8757-d20f011ac005}</UniqueIdentifier>
    </Filter>
    <Filter Include="STM32F4xx_StdPeriph_Driver\Inc">
      <UniqueIdentifier>{70055994-331a-47a1-aba5-01df7a8e2fe1}</UniqueIdentifier>
    </Filter>
    <Filter Include="STM32F4xx_StdPeriph_Driver\Src">
      <UniqueIdentifier>{1e86d2cf-cc7f-44b7-bcd5-cfacfd8f1d99}</UniqueIdentifier>
    </Filter>
    <Filter Include="Header files\Device-specific files">
      <UniqueIdentifier>{7317e1cd-ca1d-4486-b1e7-35640cf8bbd0}</UniqueIdentifier>
    </Filter>
    <Filter Include="App">
      <UniqueIdentifier>{e4421d3f-aeef-4161-bfaa-ee41d2a4591e}</UniqueIdentifier>
    </Filter>
    <Filter Include="App\Inc">
      <UniqueIdentifier>{1f612932-377a-4730-9b8e-e9c4d99415b0}</UniqueIdentifier>
    </Filter>
    <Filter Include="App\Src">
      <UniqueIdentifier>{e689f43e-f37b-4123-9dc5-8ffd8bf57c7b}</UniqueIdentifier>
    </Filter>
    <Filter Include="Driver">
      <UniqueIdentifier>{d2a13377-fc0f-46a0-aa28-b9f6b07ed040}</UniqueIdentifier>
    </Filter>
    <Filter Include="Driver\Inc">
      <UniqueIdentifier>{b8b60762-35d9-4998-b83f-aba96925d8a3}</UniqueIdentifier>
    </Filter>
    <Filter Include="Driver\Src">
      <UniqueIdentifier>{be6bd2c1-31d7-4be3-b58a-e365437bd0ad}</UniqueIdentifier>
    </Filter>
    <Filter Include="HALayer">
      <UniqueIdentifier>{b34efe56-9bd8-4c58-a8bd-a95b5da7df6a}</UniqueIdentifier>
    </Filter>
    <Filter Include="HALayer\Inc">
      <UniqueIdentifier>{4c2bbc39-1cd4-45cc-8e26-ceb9938b4a95}</UniqueIdentifier>
    </Filter>
    <Filter Include="HALayer\Src">
      <UniqueIdentifier>{28eea5e1-9b1a-4143-9ded-84a8bf44a797}</UniqueIdentifier>
    </Filter>
    <Filter Include="Math">
      <UniqueIdentifier>{4d788c64-aa75-4038-a64d-a310325bb9b8}</UniqueIdentifier>
    </Filter>
    <Filter Include="Math\Inc">
      <UniqueIdentifier>{04819b59-61ab-4a06-b55a-7a969a9a6d48}</UniqueIdentifier>
    </Filter>
    <Filter Include="Math\Src">
      <UniqueIdentifier>{5273b809-8d97-429e-9023-d0724eca18be}</UniqueIdentifier>
    </Filter>
  </ItemGroup>
  <ItemGroup>
    <ClCompile Include="..\STM32F4xx_StdPeriph_Driver\src\misc.c">
      <Filter>STM32F4xx_StdPeriph_Driver\Src</Filter>
    </ClCompile>
    <ClCompile Include="..\STM32F4xx_StdPeriph_Driver\src\stm32f4xx_adc.c">
      <Filter>STM32F4xx_StdPeriph_Driver\Src</Filter>
    </ClCompile>
    <ClCompile Include="..\STM32F4xx_StdPeriph_Driver\src\stm32f4xx_can.c">
      <Filter>STM32F4xx_StdPeriph_Driver\Src</Filter>
    </ClCompile>
    <ClCompile Include="..\STM32F4xx_StdPeriph_Driver\src\stm32f4xx_cec.c">
      <Filter>STM32F4xx_StdPeriph_Driver\Src</Filter>
    </ClCompile>
    <ClCompile Include="..\STM32F4xx_StdPeriph_Driver\src\stm32f4xx_crc.c">
      <Filter>STM32F4xx_StdPeriph_Driver\Src</Filter>
    </ClCompile>
    <ClCompile Include="..\STM32F4xx_StdPeriph_Driver\src\stm32f4xx_cryp.c">
      <Filter>STM32F4xx_StdPeriph_Driver\Src</Filter>
    </ClCompile>
    <ClCompile Include="..\STM32F4xx_StdPeriph_Driver\src\stm32f4xx_cryp_aes.c">
      <Filter>STM32F4xx_StdPeriph_Driver\Src</Filter>
    </ClCompile>
    <ClCompile Include="..\STM32F4xx_StdPeriph_Driver\src\stm32f4xx_cryp_des.c">
      <Filter>STM32F4xx_StdPeriph_Driver\Src</Filter>
    </ClCompile>
    <ClCompile Include="..\STM32F4xx_StdPeriph_Driver\src\stm32f4xx_cryp_tdes.c">
      <Filter>STM32F4xx_StdPeriph_Driver\Src</Filter>
    </ClCompile>
    <ClCompile Include="..\STM32F4xx_StdPeriph_Driver\src\stm32f4xx_dac.c">
      <Filter>STM32F4xx_StdPeriph_Driver\Src</Filter>
    </ClCompile>
    <ClCompile Include="..\STM32F4xx_StdPeriph_Driver\src\stm32f4xx_dbgmcu.c">
      <Filter>STM32F4xx_StdPeriph_Driver\Src</Filter>
    </ClCompile>
    <ClCompile Include="..\STM32F4xx_StdPeriph_Driver\src\stm32f4xx_dcmi.c">
      <Filter>STM32F4xx_StdPeriph_Driver\Src</Filter>
    </ClCompile>
    <ClCompile Include="..\STM32F4xx_StdPeriph_Driver\src\stm32f4xx_dfsdm.c">
      <Filter>STM32F4xx_StdPeriph_Driver\Src</Filter>
    </ClCompile>
    <ClCompile Include="..\STM32F4xx_StdPeriph_Driver\src\stm32f4xx_dma.c">
      <Filter>STM32F4xx_StdPeriph_Driver\Src</Filter>
    </ClCompile>
    <ClCompile Include="..\STM32F4xx_StdPeriph_Driver\src\stm32f4xx_dma2d.c">
      <Filter>STM32F4xx_StdPeriph_Driver\Src</Filter>
    </ClCompile>
    <ClCompile Include="..\STM32F4xx_StdPeriph_Driver\src\stm32f4xx_dsi.c">
      <Filter>STM32F4xx_StdPeriph_Driver\Src</Filter>
    </ClCompile>
    <ClCompile Include="..\STM32F4xx_StdPeriph_Driver\src\stm32f4xx_exti.c">
      <Filter>STM32F4xx_StdPeriph_Driver\Src</Filter>
    </ClCompile>
    <ClCompile Include="..\STM32F4xx_StdPeriph_Driver\src\stm32f4xx_flash.c">
      <Filter>STM32F4xx_StdPeriph_Driver\Src</Filter>
    </ClCompile>
    <ClCompile Include="..\STM32F4xx_StdPeriph_Driver\src\stm32f4xx_flash_ramfunc.c">
      <Filter>STM32F4xx_StdPeriph_Driver\Src</Filter>
    </ClCompile>
    <ClCompile Include="..\STM32F4xx_StdPeriph_Driver\src\stm32f4xx_fmpi2c.c">
      <Filter>STM32F4xx_StdPeriph_Driver\Src</Filter>
    </ClCompile>
    <ClCompile Include="..\STM32F4xx_StdPeriph_Driver\src\stm32f4xx_fsmc.c">
      <Filter>STM32F4xx_StdPeriph_Driver\Src</Filter>
    </ClCompile>
    <ClCompile Include="..\STM32F4xx_StdPeriph_Driver\src\stm32f4xx_gpio.c">
      <Filter>STM32F4xx_StdPeriph_Driver\Src</Filter>
    </ClCompile>
    <ClCompile Include="..\STM32F4xx_StdPeriph_Driver\src\stm32f4xx_hash.c">
      <Filter>STM32F4xx_StdPeriph_Driver\Src</Filter>
    </ClCompile>
    <ClCompile Include="..\STM32F4xx_StdPeriph_Driver\src\stm32f4xx_hash_md5.c">
      <Filter>STM32F4xx_StdPeriph_Driver\Src</Filter>
    </ClCompile>
    <ClCompile Include="..\STM32F4xx_StdPeriph_Driver\src\stm32f4xx_hash_sha1.c">
      <Filter>STM32F4xx_StdPeriph_Driver\Src</Filter>
    </ClCompile>
    <ClCompile Include="..\STM32F4xx_StdPeriph_Driver\src\stm32f4xx_i2c.c">
      <Filter>STM32F4xx_StdPeriph_Driver\Src</Filter>
    </ClCompile>
    <ClCompile Include="..\STM32F4xx_StdPeriph_Driver\src\stm32f4xx_iwdg.c">
      <Filter>STM32F4xx_StdPeriph_Driver\Src</Filter>
    </ClCompile>
    <ClCompile Include="..\STM32F4xx_StdPeriph_Driver\src\stm32f4xx_lptim.c">
      <Filter>STM32F4xx_StdPeriph_Driver\Src</Filter>
    </ClCompile>
    <ClCompile Include="..\STM32F4xx_StdPeriph_Driver\src\stm32f4xx_ltdc.c">
      <Filter>STM32F4xx_StdPeriph_Driver\Src</Filter>
    </ClCompile>
    <ClCompile Include="..\STM32F4xx_StdPeriph_Driver\src\stm32f4xx_pwr.c">
      <Filter>STM32F4xx_StdPeriph_Driver\Src</Filter>
    </ClCompile>
    <ClCompile Include="..\STM32F4xx_StdPeriph_Driver\src\stm32f4xx_qspi.c">
      <Filter>STM32F4xx_StdPeriph_Driver\Src</Filter>
    </ClCompile>
    <ClCompile Include="..\STM32F4xx_StdPeriph_Driver\src\stm32f4xx_rcc.c">
      <Filter>STM32F4xx_StdPeriph_Driver\Src</Filter>
    </ClCompile>
    <ClCompile Include="..\STM32F4xx_StdPeriph_Driver\src\stm32f4xx_rng.c">
      <Filter>STM32F4xx_StdPeriph_Driver\Src</Filter>
    </ClCompile>
    <ClCompile Include="..\STM32F4xx_StdPeriph_Driver\src\stm32f4xx_rtc.c">
      <Filter>STM32F4xx_StdPeriph_Driver\Src</Filter>
    </ClCompile>
    <ClCompile Include="..\STM32F4xx_StdPeriph_Driver\src\stm32f4xx_sai.c">
      <Filter>STM32F4xx_StdPeriph_Driver\Src</Filter>
    </ClCompile>
    <ClCompile Include="..\STM32F4xx_StdPeriph_Driver\src\stm32f4xx_sdio.c">
      <Filter>STM32F4xx_StdPeriph_Driver\Src</Filter>
    </ClCompile>
    <ClCompile Include="..\STM32F4xx_StdPeriph_Driver\src\stm32f4xx_spdifrx.c">
      <Filter>STM32F4xx_StdPeriph_Driver\Src</Filter>
    </ClCompile>
    <ClCompile Include="..\STM32F4xx_StdPeriph_Driver\src\stm32f4xx_spi.c">
      <Filter>STM32F4xx_StdPeriph_Driver\Src</Filter>
    </ClCompile>
    <ClCompile Include="..\STM32F4xx_StdPeriph_Driver\src\stm32f4xx_syscfg.c">
      <Filter>STM32F4xx_StdPeriph_Driver\Src</Filter>
    </ClCompile>
    <ClCompile Include="..\STM32F4xx_StdPeriph_Driver\src\stm32f4xx_tim.c">
      <Filter>STM32F4xx_StdPeriph_Driver\Src</Filter>
    </ClCompile>
    <ClCompile Include="..\STM32F4xx_StdPeriph_Driver\src\stm32f4xx_usart.c">
      <Filter>STM32F4xx_StdPeriph_Driver\Src</Filter>
    </ClCompile>
    <ClCompile Include="..\STM32F4xx_StdPeriph_Driver\src\stm32f4xx_wwdg.c">
      <Filter>STM32F4xx_StdPeriph_Driver\Src</Filter>
    </ClCompile>
    <ClCompile Include="..\StartupFiles\startup_stm32f407xx.c">
      <Filter>Source files</Filter>
    </ClCompile>
    <ClCompile Include="..\system_stm32f4xx.c">
      <Filter>Source files</Filter>
    </ClCompile>
    <ClCompile Include="..\main.cpp">
      <Filter>Source files</Filter>
    </ClCompile>
    <ClCompile Include="..\delay.c">
      <Filter>Source files</Filter>
    </ClCompile>
    <ClCompile Include="..\HALayer\Uart.cpp">
      <Filter>HALayer\Src</Filter>
    </ClCompile>
    <ClCompile Include="..\HALayer\Tim.cpp">
      <Filter>HALayer\Src</Filter>
    </ClCompile>
    <ClCompile Include="..\HALayer\PWM.cpp">
      <Filter>HALayer\Src</Filter>
    </ClCompile>
    <ClCompile Include="..\HALayer\IO.cpp">
      <Filter>HALayer\Src</Filter>
    </ClCompile>
    <ClCompile Include="..\HALayer\IIC.cpp">
      <Filter>HALayer\Src</Filter>
    </ClCompile>
    <ClCompile Include="..\HALayer\DMA.cpp">
      <Filter>HALayer\Src</Filter>
    </ClCompile>
    <ClCompile Include="..\Driver\C50XB.cpp">
      <Filter>Driver\Src</Filter>
    </ClCompile>
    <ClCompile Include="..\Driver\EEPROM.cpp">
      <Filter>Driver\Src</Filter>
    </ClCompile>
    <ClCompile Include="..\Driver\Encoder.cpp">
      <Filter>Driver\Src</Filter>
    </ClCompile>
    <ClCompile Include="..\Driver\FM24CL64B.cpp">
      <Filter>Driver\Src</Filter>
    </ClCompile>
    <ClCompile Include="..\Driver\Gyro.cpp">
      <Filter>Driver\Src</Filter>
    </ClCompile>
    <ClCompile Include="..\Driver\Key_Scan.cpp">
      <Filter>Driver\Src</Filter>
    </ClCompile>
    <ClCompile Include="..\Driver\Mecanum.cpp">
      <Filter>Driver\Src</Filter>
    </ClCompile>
    <ClCompile Include="..\Driver\Motor.cpp">
      <Filter>Driver\Src</Filter>
    </ClCompile>
    <ClCompile Include="..\Driver\PGV100.cpp">
      <Filter>Driver\Src</Filter>
    </ClCompile>
    <ClCompile Include="..\Driver\Serial.cpp">
      <Filter>Driver\Src</Filter>
    </ClCompile>
    <ClCompile Include="..\Driver\TL740D.cpp">
      <Filter>Driver\Src</Filter>
    </ClCompile>
    <ClCompile Include="..\Driver\Wireless_Serial.cpp">
      <Filter>Driver\Src</Filter>
    </ClCompile>
    <ClCompile Include="..\Driver\AS62.cpp">
      <Filter>Driver\Src</Filter>
    </ClCompile>
    <ClCompile Include="..\App\Gcode.cpp">
      <Filter>App\Src</Filter>
    </ClCompile>
    <ClCompile Include="..\App\Interpolation.cpp">
      <Filter>App\Src</Filter>
    </ClCompile>
    <ClCompile Include="..\App\Position.cpp">
      <Filter>App\Src</Filter>
    </ClCompile>
    <ClCompile Include="..\App\Queue.cpp">
      <Filter>App\Src</Filter>
    </ClCompile>
    <ClCompile Include="..\Math\Trigonometric.c">
      <Filter>Math\Src</Filter>
    </ClCompile>
    <ClCompile Include="..\Math\MyMath.cpp">
      <Filter>Math\Src</Filter>
    </ClCompile>
    <ClCompile Include="..\Driver\AGV_Control.cpp">
      <Filter>Driver\Src</Filter>
    </ClCompile>
    <ClCompile Include="parameter_define.cpp">
      <Filter>Source files</Filter>
    </ClCompile>
  </ItemGroup>
  <ItemGroup>
    <None Include="Makefile" />
    <None Include="debug.mak">
      <Filter>Make files</Filter>
    </None>
    <None Include="SR_PGV_AGV-Debug.vgdbsettings">
      <Filter>VisualGDB settings</Filter>
    </None>
    <None Include="release.mak">
      <Filter>Make files</Filter>
    </None>
    <None Include="SR_PGV_AGV-Release.vgdbsettings">
      <Filter>VisualGDB settings</Filter>
    </None>
    <None Include="stm32.mak">
      <Filter>Source files\Device-specific files</Filter>
    </None>
    <None Include="..\LinkerScripts\STM32F407VE_flash.lds">
      <Filter>LinkerScripts</Filter>
    </None>
    <None Include="..\LinkerScripts\STM32F407VE_sram.lds">
      <Filter>LinkerScripts</Filter>
    </None>
  </ItemGroup>
  <ItemGroup>
    <Xml Include="stm32.xml">
      <Filter>VisualGDB settings</Filter>
    </Xml>
  </ItemGroup>
  <ItemGroup>
    <ClInclude Include="..\CMSIS_StdPeriph\core_cm4.h">
      <Filter>CMSIS_StdPeriph</Filter>
    </ClInclude>
    <ClInclude Include="..\CMSIS_StdPeriph\core_cmFunc.h">
      <Filter>CMSIS_StdPeriph</Filter>
    </ClInclude>
    <ClInclude Include="..\CMSIS_StdPeriph\core_cmInstr.h">
      <Filter>CMSIS_StdPeriph</Filter>
    </ClInclude>
    <ClInclude Include="..\CMSIS_StdPeriph\core_cmSimd.h">
      <Filter>CMSIS_StdPeriph</Filter>
    </ClInclude>
    <ClInclude Include="..\CMSIS_StdPeriph\stm32f4xx.h">
      <Filter>CMSIS_StdPeriph</Filter>
    </ClInclude>
    <ClInclude Include="..\CMSIS_StdPeriph\system_stm32f4xx.h">
      <Filter>CMSIS_StdPeriph</Filter>
    </ClInclude>
    <ClInclude Include="..\DSP_Lib\arm_common_tables.h">
      <Filter>DSP_Lib</Filter>
    </ClInclude>
    <ClInclude Include="..\DSP_Lib\arm_const_structs.h">
      <Filter>DSP_Lib</Filter>
    </ClInclude>
    <ClInclude Include="..\DSP_Lib\arm_math.h">
      <Filter>DSP_Lib</Filter>
    </ClInclude>
    <ClInclude Include="..\STM32F4xx_StdPeriph_Driver\inc\misc.h">
      <Filter>STM32F4xx_StdPeriph_Driver\Inc</Filter>
    </ClInclude>
    <ClInclude Include="..\STM32F4xx_StdPeriph_Driver\inc\stm32f4xx_adc.h">
      <Filter>STM32F4xx_StdPeriph_Driver\Inc</Filter>
    </ClInclude>
    <ClInclude Include="..\STM32F4xx_StdPeriph_Driver\inc\stm32f4xx_can.h">
      <Filter>STM32F4xx_StdPeriph_Driver\Inc</Filter>
    </ClInclude>
    <ClInclude Include="..\STM32F4xx_StdPeriph_Driver\inc\stm32f4xx_cec.h">
      <Filter>STM32F4xx_StdPeriph_Driver\Inc</Filter>
    </ClInclude>
    <ClInclude Include="..\STM32F4xx_StdPeriph_Driver\inc\stm32f4xx_crc.h">
      <Filter>STM32F4xx_StdPeriph_Driver\Inc</Filter>
    </ClInclude>
    <ClInclude Include="..\STM32F4xx_StdPeriph_Driver\inc\stm32f4xx_cryp.h">
      <Filter>STM32F4xx_StdPeriph_Driver\Inc</Filter>
    </ClInclude>
    <ClInclude Include="..\STM32F4xx_StdPeriph_Driver\inc\stm32f4xx_dac.h">
      <Filter>STM32F4xx_StdPeriph_Driver\Inc</Filter>
    </ClInclude>
    <ClInclude Include="..\STM32F4xx_StdPeriph_Driver\inc\stm32f4xx_dbgmcu.h">
      <Filter>STM32F4xx_StdPeriph_Driver\Inc</Filter>
    </ClInclude>
    <ClInclude Include="..\STM32F4xx_StdPeriph_Driver\inc\stm32f4xx_dcmi.h">
      <Filter>STM32F4xx_StdPeriph_Driver\Inc</Filter>
    </ClInclude>
    <ClInclude Include="..\STM32F4xx_StdPeriph_Driver\inc\stm32f4xx_dfsdm.h">
      <Filter>STM32F4xx_StdPeriph_Driver\Inc</Filter>
    </ClInclude>
    <ClInclude Include="..\STM32F4xx_StdPeriph_Driver\inc\stm32f4xx_dma.h">
      <Filter>STM32F4xx_StdPeriph_Driver\Inc</Filter>
    </ClInclude>
    <ClInclude Include="..\STM32F4xx_StdPeriph_Driver\inc\stm32f4xx_dma2d.h">
      <Filter>STM32F4xx_StdPeriph_Driver\Inc</Filter>
    </ClInclude>
    <ClInclude Include="..\STM32F4xx_StdPeriph_Driver\inc\stm32f4xx_dsi.h">
      <Filter>STM32F4xx_StdPeriph_Driver\Inc</Filter>
    </ClInclude>
    <ClInclude Include="..\STM32F4xx_StdPeriph_Driver\inc\stm32f4xx_exti.h">
      <Filter>STM32F4xx_StdPeriph_Driver\Inc</Filter>
    </ClInclude>
    <ClInclude Include="..\STM32F4xx_StdPeriph_Driver\inc\stm32f4xx_flash.h">
      <Filter>STM32F4xx_StdPeriph_Driver\Inc</Filter>
    </ClInclude>
    <ClInclude Include="..\STM32F4xx_StdPeriph_Driver\inc\stm32f4xx_flash_ramfunc.h">
      <Filter>STM32F4xx_StdPeriph_Driver\Inc</Filter>
    </ClInclude>
    <ClInclude Include="..\STM32F4xx_StdPeriph_Driver\inc\stm32f4xx_fmc.h">
      <Filter>STM32F4xx_StdPeriph_Driver\Inc</Filter>
    </ClInclude>
    <ClInclude Include="..\STM32F4xx_StdPeriph_Driver\inc\stm32f4xx_fmpi2c.h">
      <Filter>STM32F4xx_StdPeriph_Driver\Inc</Filter>
    </ClInclude>
    <ClInclude Include="..\STM32F4xx_StdPeriph_Driver\inc\stm32f4xx_fsmc.h">
      <Filter>STM32F4xx_StdPeriph_Driver\Inc</Filter>
    </ClInclude>
    <ClInclude Include="..\STM32F4xx_StdPeriph_Driver\inc\stm32f4xx_gpio.h">
      <Filter>STM32F4xx_StdPeriph_Driver\Inc</Filter>
    </ClInclude>
    <ClInclude Include="..\STM32F4xx_StdPeriph_Driver\inc\stm32f4xx_hash.h">
      <Filter>STM32F4xx_StdPeriph_Driver\Inc</Filter>
    </ClInclude>
    <ClInclude Include="..\STM32F4xx_StdPeriph_Driver\inc\stm32f4xx_i2c.h">
      <Filter>STM32F4xx_StdPeriph_Driver\Inc</Filter>
    </ClInclude>
    <ClInclude Include="..\STM32F4xx_StdPeriph_Driver\inc\stm32f4xx_iwdg.h">
      <Filter>STM32F4xx_StdPeriph_Driver\Inc</Filter>
    </ClInclude>
    <ClInclude Include="..\STM32F4xx_StdPeriph_Driver\inc\stm32f4xx_lptim.h">
      <Filter>STM32F4xx_StdPeriph_Driver\Inc</Filter>
    </ClInclude>
    <ClInclude Include="..\STM32F4xx_StdPeriph_Driver\inc\stm32f4xx_ltdc.h">
      <Filter>STM32F4xx_StdPeriph_Driver\Inc</Filter>
    </ClInclude>
    <ClInclude Include="..\STM32F4xx_StdPeriph_Driver\inc\stm32f4xx_pwr.h">
      <Filter>STM32F4xx_StdPeriph_Driver\Inc</Filter>
    </ClInclude>
    <ClInclude Include="..\STM32F4xx_StdPeriph_Driver\inc\stm32f4xx_qspi.h">
      <Filter>STM32F4xx_StdPeriph_Driver\Inc</Filter>
    </ClInclude>
    <ClInclude Include="..\STM32F4xx_StdPeriph_Driver\inc\stm32f4xx_rcc.h">
      <Filter>STM32F4xx_StdPeriph_Driver\Inc</Filter>
    </ClInclude>
    <ClInclude Include="..\STM32F4xx_StdPeriph_Driver\inc\stm32f4xx_rng.h">
      <Filter>STM32F4xx_StdPeriph_Driver\Inc</Filter>
    </ClInclude>
    <ClInclude Include="..\STM32F4xx_StdPeriph_Driver\inc\stm32f4xx_rtc.h">
      <Filter>STM32F4xx_StdPeriph_Driver\Inc</Filter>
    </ClInclude>
    <ClInclude Include="..\STM32F4xx_StdPeriph_Driver\inc\stm32f4xx_sai.h">
      <Filter>STM32F4xx_StdPeriph_Driver\Inc</Filter>
    </ClInclude>
    <ClInclude Include="..\STM32F4xx_StdPeriph_Driver\inc\stm32f4xx_sdio.h">
      <Filter>STM32F4xx_StdPeriph_Driver\Inc</Filter>
    </ClInclude>
    <ClInclude Include="..\STM32F4xx_StdPeriph_Driver\inc\stm32f4xx_spdifrx.h">
      <Filter>STM32F4xx_StdPeriph_Driver\Inc</Filter>
    </ClInclude>
    <ClInclude Include="..\STM32F4xx_StdPeriph_Driver\inc\stm32f4xx_spi.h">
      <Filter>STM32F4xx_StdPeriph_Driver\Inc</Filter>
    </ClInclude>
    <ClInclude Include="..\STM32F4xx_StdPeriph_Driver\inc\stm32f4xx_syscfg.h">
      <Filter>STM32F4xx_StdPeriph_Driver\Inc</Filter>
    </ClInclude>
    <ClInclude Include="..\STM32F4xx_StdPeriph_Driver\inc\stm32f4xx_tim.h">
      <Filter>STM32F4xx_StdPeriph_Driver\Inc</Filter>
    </ClInclude>
    <ClInclude Include="..\STM32F4xx_StdPeriph_Driver\inc\stm32f4xx_usart.h">
      <Filter>STM32F4xx_StdPeriph_Driver\Inc</Filter>
    </ClInclude>
    <ClInclude Include="..\STM32F4xx_StdPeriph_Driver\inc\stm32f4xx_wwdg.h">
      <Filter>STM32F4xx_StdPeriph_Driver\Inc</Filter>
    </ClInclude>
    <ClInclude Include="..\delay.h">
      <Filter>Header files</Filter>
    </ClInclude>
    <ClInclude Include="..\Configure.h">
      <Filter>Header files</Filter>
    </ClInclude>
    <ClInclude Include="..\macros.h">
      <Filter>Header files</Filter>
    </ClInclude>
    <ClInclude Include="..\main.h">
      <Filter>Header files</Filter>
    </ClInclude>
    <ClInclude Include="..\HALayer\Uart.h">
      <Filter>HALayer\Inc</Filter>
    </ClInclude>
    <ClInclude Include="..\HALayer\Tim.h">
      <Filter>HALayer\Inc</Filter>
    </ClInclude>
    <ClInclude Include="..\HALayer\PWM.h">
      <Filter>HALayer\Inc</Filter>
    </ClInclude>
    <ClInclude Include="..\HALayer\IO.h">
      <Filter>HALayer\Inc</Filter>
    </ClInclude>
    <ClInclude Include="..\HALayer\IIC.h">
      <Filter>HALayer\Inc</Filter>
    </ClInclude>
    <ClInclude Include="..\HALayer\DMA.h">
      <Filter>HALayer\Inc</Filter>
    </ClInclude>
    <ClInclude Include="..\Driver\AGV_Control.h">
      <Filter>Driver\Inc</Filter>
    </ClInclude>
    <ClInclude Include="..\Driver\C50XB.h">
      <Filter>Driver\Inc</Filter>
    </ClInclude>
    <ClInclude Include="..\Driver\EEPROM.h">
      <Filter>Driver\Inc</Filter>
    </ClInclude>
    <ClInclude Include="..\Driver\Encoder.h">
      <Filter>Driver\Inc</Filter>
    </ClInclude>
    <ClInclude Include="..\Driver\FM24CL64B.h">
      <Filter>Driver\Inc</Filter>
    </ClInclude>
    <ClInclude Include="..\Driver\Gyro.h">
      <Filter>Driver\Inc</Filter>
    </ClInclude>
    <ClInclude Include="..\Driver\Key_Scan.h">
      <Filter>Driver\Inc</Filter>
    </ClInclude>
    <ClInclude Include="..\Driver\Mecanum.h">
      <Filter>Driver\Inc</Filter>
    </ClInclude>
    <ClInclude Include="..\Driver\Motor.h">
      <Filter>Driver\Inc</Filter>
    </ClInclude>
    <ClInclude Include="..\Driver\PGV100.h">
      <Filter>Driver\Inc</Filter>
    </ClInclude>
    <ClInclude Include="..\Driver\Serial.h">
      <Filter>Driver\Inc</Filter>
    </ClInclude>
    <ClInclude Include="..\Driver\TL740D.h">
      <Filter>Driver\Inc</Filter>
    </ClInclude>
    <ClInclude Include="..\Driver\Wireless_Serial.h">
      <Filter>Driver\Inc</Filter>
    </ClInclude>
    <ClInclude Include="..\Driver\AS62.h">
      <Filter>Driver\Inc</Filter>
    </ClInclude>
    <ClInclude Include="..\App\Gcode.h">
      <Filter>App\Inc</Filter>
    </ClInclude>
    <ClInclude Include="..\App\Interpolation.h">
      <Filter>App\Inc</Filter>
    </ClInclude>
    <ClInclude Include="..\App\Position.h">
      <Filter>App\Inc</Filter>
    </ClInclude>
    <ClInclude Include="..\App\Queue.h">
      <Filter>App\Inc</Filter>
    </ClInclude>
    <ClInclude Include="..\Math\MyMath.h">
      <Filter>Math\Inc</Filter>
    </ClInclude>
    <ClInclude Include="..\Math\Trigonometric.h">
      <Filter>Math\Inc</Filter>
    </ClInclude>
  </ItemGroup>
  <ItemGroup>
    <Library Include="..\DSP_Lib\libarm_cortexM4lf_math.a">
      <Filter>DSP_Lib</Filter>
    </Library>
  </ItemGroup>
</Project>